
Microsoft Visual Studio Solution File, Format Version 12.00
# Visual Studio Version 17
VisualStudioVersion = 17.7.34024.191
MinimumVisualStudioVersion = 10.0.40219.1
Project("{8BC9CEB8-8B4A-11D0-8D11-00A0C91BC942}") = "QuSandbox", "QuSandbox\QuSandbox.vcxproj", "{3BA61ADF-A593-4E2E-A1E6-38325621F42E}"
	ProjectSection(ProjectDependencies) = postProject
		{B0161EE1-92B1-4BC4-9FFD-47C7846B3C12} = {B0161EE1-92B1-4BC4-9FFD-47C7846B3C12}
	EndProjectSection
EndProject
Project("{8BC9CEB8-8B4A-11D0-8D11-00A0C91BC942}") = "QuEngine", "QuEngine\QuEngine.vcxproj", "{B0161EE1-92B1-4BC4-9FFD-47C7846B3C12}"
EndProject
Project("{8BC9CEB8-8B4A-11D0-8D11-00A0C91BC942}") = "Minesweeper", "QuSamples\Minesweeper\Minesweeper.vcxproj", "{0832D109-647E-4427-8D57-91991CE2E4F4}"
EndProject
Project("{2150E333-8FDC-42A3-9474-1A3956D46DE8}") = "config", "config", "{3FAC2DA6-9533-4957-9A77-D94F1B90431B}"
	ProjectSection(SolutionItems) = preProject
		vcpkg.json = vcpkg.json
	EndProjectSection
EndProject
Project("{8BC9CEB8-8B4A-11D0-8D11-00A0C91BC942}") = "Chess", "QuSamples\Chess\Chess.vcxproj", "{92343B85-36EA-4AC8-836A-CA34A042AA8A}"
EndProject
Project("{2150E333-8FDC-42A3-9474-1A3956D46DE8}") = "QuSamples", "QuSamples", "{1CE4C49C-E609-497F-8ECC-F4E0FECB4B2D}"
EndProject
Global
	GlobalSection(SolutionConfigurationPlatforms) = preSolution
		Debug|x64 = Debug|x64
		Debug|x86 = Debug|x86
		Release|x64 = Release|x64
		Release|x86 = Release|x86
	EndGlobalSection
	GlobalSection(ProjectConfigurationPlatforms) = postSolution
		{3BA61ADF-A593-4E2E-A1E6-38325621F42E}.Debug|x64.ActiveCfg = Debug|x64
		{3BA61ADF-A593-4E2E-A1E6-38325621F42E}.Debug|x64.Build.0 = Debug|x64
		{3BA61ADF-A593-4E2E-A1E6-38325621F42E}.Debug|x86.ActiveCfg = Debug|Win32
		{3BA61ADF-A593-4E2E-A1E6-38325621F42E}.Debug|x86.Build.0 = Debug|Win32
		{3BA61ADF-A593-4E2E-A1E6-38325621F42E}.Release|x64.ActiveCfg = Release|x64
		{3BA61ADF-A593-4E2E-A1E6-38325621F42E}.Release|x64.Build.0 = Release|x64
		{3BA61ADF-A593-4E2E-A1E6-38325621F42E}.Release|x86.ActiveCfg = Release|Win32
		{3BA61ADF-A593-4E2E-A1E6-38325621F42E}.Release|x86.Build.0 = Release|Win32
		{B0161EE1-92B1-4BC4-9FFD-47C7846B3C12}.Debug|x64.ActiveCfg = Debug|x64
		{B0161EE1-92B1-4BC4-9FFD-47C7846B3C12}.Debug|x64.Build.0 = Debug|x64
		{B0161EE1-92B1-4BC4-9FFD-47C7846B3C12}.Debug|x86.ActiveCfg = Debug|Win32
		{B0161EE1-92B1-4BC4-9FFD-47C7846B3C12}.Debug|x86.Build.0 = Debug|Win32
		{B0161EE1-92B1-4BC4-9FFD-47C7846B3C12}.Release|x64.ActiveCfg = Release|x64
		{B0161EE1-92B1-4BC4-9FFD-47C7846B3C12}.Release|x64.Build.0 = Release|x64
		{B0161EE1-92B1-4BC4-9FFD-47C7846B3C12}.Release|x86.ActiveCfg = Release|Win32
		{B0161EE1-92B1-4BC4-9FFD-47C7846B3C12}.Release|x86.Build.0 = Release|Win32
		{0832D109-647E-4427-8D57-91991CE2E4F4}.Debug|x64.ActiveCfg = Debug|x64
		{0832D109-647E-4427-8D57-91991CE2E4F4}.Debug|x64.Build.0 = Debug|x64
		{0832D109-647E-4427-8D57-91991CE2E4F4}.Debug|x86.ActiveCfg = Debug|Win32
		{0832D109-647E-4427-8D57-91991CE2E4F4}.Debug|x86.Build.0 = Debug|Win32
		{0832D109-647E-4427-8D57-91991CE2E4F4}.Release|x64.ActiveCfg = Release|x64
		{0832D109-647E-4427-8D57-91991CE2E4F4}.Release|x64.Build.0 = Release|x64
		{0832D109-647E-4427-8D57-91991CE2E4F4}.Release|x86.ActiveCfg = Release|Win32
		{0832D109-647E-4427-8D57-91991CE2E4F4}.Release|x86.Build.0 = Release|Win32
		{92343B85-36EA-4AC8-836A-CA34A042AA8A}.Debug|x64.ActiveCfg = Debug|x64
		{92343B85-36EA-4AC8-836A-CA34A042AA8A}.Debug|x64.Build.0 = Debug|x64
		{92343B85-36EA-4AC8-836A-CA34A042AA8A}.Debug|x86.ActiveCfg = Debug|Win32
		{92343B85-36EA-4AC8-836A-CA34A042AA8A}.Debug|x86.Build.0 = Debug|Win32
		{92343B85-36EA-4AC8-836A-CA34A042AA8A}.Release|x64.ActiveCfg = Release|x64
		{92343B85-36EA-4AC8-836A-CA34A042AA8A}.Release|x64.Build.0 = Release|x64
		{92343B85-36EA-4AC8-836A-CA34A042AA8A}.Release|x86.ActiveCfg = Release|Win32
		{92343B85-36EA-4AC8-836A-CA34A042AA8A}.Release|x86.Build.0 = Release|Win32
	EndGlobalSection
	GlobalSection(SolutionProperties) = preSolution
		HideSolutionNode = FALSE
	EndGlobalSection
	GlobalSection(NestedProjects) = preSolution
		{0832D109-647E-4427-8D57-91991CE2E4F4} = {1CE4C49C-E609-497F-8ECC-F4E0FECB4B2D}
		{92343B85-36EA-4AC8-836A-CA34A042AA8A} = {1CE4C49C-E609-497F-8ECC-F4E0FECB4B2D}
	EndGlobalSection
	GlobalSection(ExtensibilityGlobals) = postSolution
		SolutionGuid = {743EB4A6-9ACB-4EF7-943B-14D42999A5E0}
	EndGlobalSection
EndGlobal
