<?xml version="1.0" encoding="utf-8"?>
<Project ToolsVersion="4.0" xmlns="http://schemas.microsoft.com/developer/msbuild/2003">
  <ItemGroup>
    <Filter Include="Source Files">
      <UniqueIdentifier>{4FC737F1-C7A5-4376-A066-2A32D752A2FF}</UniqueIdentifier>
      <Extensions>cpp;c;cc;cxx;c++;cppm;ixx;def;odl;idl;hpj;bat;asm;asmx</Extensions>
    </Filter>
    <Filter Include="Header Files">
      <UniqueIdentifier>{93995380-89BD-4b04-88EB-625FBE52EBFB}</UniqueIdentifier>
      <Extensions>h;hh;hpp;hxx;h++;hm;inl;inc;ipp;xsd</Extensions>
    </Filter>
    <Filter Include="Resource Files">
      <UniqueIdentifier>{67DA6AB6-F800-4c08-8B7A-83BB121AAD01}</UniqueIdentifier>
      <Extensions>rc;ico;cur;bmp;dlg;rc2;rct;bin;rgs;gif;jpg;jpeg;jpe;resx;tiff;tif;png;wav;mfcribbon-ms</Extensions>
    </Filter>
  </ItemGroup>
  <ItemGroup>
    <ClInclude Include="include\QuEngine\QuEngine.h">
      <Filter>Header Files</Filter>
    </ClInclude>
    <ClInclude Include="include\QuEngine\QuWindow.h">
      <Filter>Header Files</Filter>
    </ClInclude>
    <ClInclude Include="include\QuEngine\QuRenderer2D.h">
      <Filter>Header Files</Filter>
    </ClInclude>
    <ClInclude Include="include\QuEngine\QuEvent.h">
      <Filter>Header Files</Filter>
    </ClInclude>
    <ClInclude Include="include\QuEngine\QuGUI.h">
      <Filter>Header Files</Filter>
    </ClInclude>
    <ClInclude Include="include\QuEngine\QuRenderer.h">
      <Filter>Header Files</Filter>
    </ClInclude>
    <ClInclude Include="include\QuEngine\QuSurface.h">
      <Filter>Header Files</Filter>
    </ClInclude>
    <ClInclude Include="include\QuEngine\QuTexture.h">
      <Filter>Header Files</Filter>
    </ClInclude>
    <ClInclude Include="include\QuEngine\QuTransform.h">
      <Filter>Header Files</Filter>
    </ClInclude>
    <ClInclude Include="include\QuEngine\QuMath.h">
      <Filter>Header Files</Filter>
    </ClInclude>
    <ClInclude Include="include\QuEngine\Managers\QuInputManager.h">
      <Filter>Header Files</Filter>
    </ClInclude>
    <ClInclude Include="include\QuEngine\QuRenderable.h">
      <Filter>Header Files</Filter>
    </ClInclude>
    <ClInclude Include="include\QuEngine\QuSprite.h">
      <Filter>Header Files</Filter>
    </ClInclude>
    <ClInclude Include="include\QuEngine\QuSound.h">
      <Filter>Header Files</Filter>
    </ClInclude>
    <ClInclude Include="include\QuEngine\QuCamera.h">
      <Filter>Header Files</Filter>
    </ClInclude>
    <ClInclude Include="include\QuEngine\QuAnimSheet.h">
      <Filter>Header Files</Filter>
    </ClInclude>
    <ClInclude Include="include\QuEngine\Components\QuAnimSheetComp.h">
      <Filter>Header Files</Filter>
    </ClInclude>
    <ClInclude Include="include\QuEngine\Systems\QuAnimSystem.h">
      <Filter>Header Files</Filter>
    </ClInclude>
    <ClInclude Include="include\QuEngine\Systems\QuRenderSystem.h">
      <Filter>Header Files</Filter>
    </ClInclude>
    <ClInclude Include="include\QuEngine\QuBase64.h">
      <Filter>Header Files</Filter>
    </ClInclude>
    <ClInclude Include="include\QuEngine\Components\QuRenderableComp.h">
      <Filter>Header Files</Filter>
    </ClInclude>
  </ItemGroup>
  <ItemGroup>
    <ClCompile Include="src\QuEngine.cpp">
      <Filter>Source Files</Filter>
    </ClCompile>
    <ClCompile Include="src\QuWindow.cpp">
      <Filter>Source Files</Filter>
    </ClCompile>
    <ClCompile Include="src\QuRenderer2D.cpp">
      <Filter>Source Files</Filter>
    </ClCompile>
    <ClCompile Include="src\QuEvent.cpp">
      <Filter>Source Files</Filter>
    </ClCompile>
    <ClCompile Include="src\QuGUI.cpp">
      <Filter>Source Files</Filter>
    </ClCompile>
    <ClCompile Include="src\QuRenderer.cpp">
      <Filter>Source Files</Filter>
    </ClCompile>
    <ClCompile Include="src\QuSurface.cpp">
      <Filter>Source Files</Filter>
    </ClCompile>
    <ClCompile Include="src\QuTexture.cpp">
      <Filter>Source Files</Filter>
    </ClCompile>
    <ClCompile Include="src\QuTransform.cpp">
      <Filter>Source Files</Filter>
    </ClCompile>
    <ClCompile Include="src\Managers\QuInputManager.cpp">
      <Filter>Source Files</Filter>
    </ClCompile>
    <ClCompile Include="include\QuEngine\Managers\QuResourceManager.h">
      <Filter>Source Files</Filter>
    </ClCompile>
    <ClCompile Include="src\Managers\QuResourceManager.cpp">
      <Filter>Source Files</Filter>
    </ClCompile>
    <ClCompile Include="src\QuSprite.cpp">
      <Filter>Source Files</Filter>
    </ClCompile>
    <ClCompile Include="src\QuSound.cpp">
      <Filter>Source Files</Filter>
    </ClCompile>
    <ClCompile Include="src\QuAnimSheet.cpp">
      <Filter>Source Files</Filter>
    </ClCompile>
    <ClCompile Include="src\Components\QuAnimSheetComp.cpp">
      <Filter>Source Files</Filter>
    </ClCompile>
    <ClCompile Include="src\Systems\QuAnimSystem.cpp">
      <Filter>Source Files</Filter>
    </ClCompile>
    <ClCompile Include="src\Systems\QuRenderSystem.cpp">
      <Filter>Source Files</Filter>
    </ClCompile>
  </ItemGroup>
</Project>